# @generated by Move, please check-in and do not edit manually.

[move]
version = 3
manifest_digest = "12A658D16F45ED79F797F7252DDE32521A18E220A72E223F35A1AFBE07C29578"
deps_digest = "F8BBB0CCB2491CA29A3DF03D6F92277A4F3574266507ACD77214D37ECA3F3082"
dependencies = [
  { id = "Sui", name = "Sui" },
]

[[move.package]]
id = "MoveStdlib"
source = { git = "https://github.com/MystenLabs/sui.git", rev = "mainnet-v1.45.3", subdir = "crates/sui-framework/packages/move-stdlib" }

[[move.package]]
id = "Sui"
source = { git = "https://github.com/MystenLabs/sui.git", rev = "mainnet-v1.45.3", subdir = "crates/sui-framework/packages/sui-framework" }

dependencies = [
  { id = "MoveStdlib", name = "MoveStdlib" },
]

[move.toolchain-version]
compiler-version = "1.45.3"
edition = "2024.beta"
flavor = "sui"

[env]

[env.localnet]
chain-id = "1c6c6517"
original-published-id = "0x1ed9932be5bee81df64c3eaa4f87d0f4500023d47758f403a02378de6dc48813"
latest-published-id = "0x1ed9932be5bee81df64c3eaa4f87d0f4500023d47758f403a02378de6dc48813"
published-version = "1"

[env.test]
chain-id = "6b73e06a"
original-published-id = "0x835b434d57b02c15a338d34212ea339788a8f890aed7e79c118b2d37a6f03aa2"
latest-published-id = "0x835b434d57b02c15a338d34212ea339788a8f890aed7e79c118b2d37a6f03aa2"
published-version = "1"
